{
  "name": "tavian-conformance-node",
  "lockfileVersion": 3,
  "requires": true,
  "packages": {
    "": {
      "name": "tavian-conformance-node",
      "dependencies": {
        "openai": "7.30.1"
      }
    },
    "node_modules/openai": {
      "version": "7.30.1",
      "resolved": "https://registry.npmjs.org/openai/-/openai-7.30.1.tgz",
      "integrity": "sha512-YgiPjBgXdItqTsgAR138bu9aHxBb3/L7qiiP8ucU8e9msRfF8cjRtp8y5qYW7E3Oe9O8UWejQZERf37dtdvoTg==",
      "license": "Apache-2.0",
      "engines": {
        "node": ">=22.0.0"
      },
      "peerDependencies": {
        "@aws-sdk/credential-provider-node": ">=3.972.0 <4",
        "@smithy/hash-node": ">=4.3.0 <5",
        "@smithy/signature-v4": ">=5.4.0 <6",
        "undici": ">=5 <9",
        "ws": "^8.21.0",
        "zod": "^3.25 || ^4.0"
      },
      "peerDependenciesMeta": {
        "@aws-sdk/credential-provider-node": {
          "optional": true
        },
        "@smithy/hash-node": {
          "optional": true
        },
        "@smithy/signature-v4": {
          "optional": true
        },
        "undici": {
          "optional": true
        },
        "ws": {
          "optional": true
        },
        "zod": {
          "optional": true
        }
      }
    }
  }
}
